
Microsoft Visual Studio Solution File, Format Version 12.00
# Visual Studio Version 17
VisualStudioVersion = 17.11.35208.52
MinimumVisualStudioVersion = 10.0.40219.1
Project("{FAE04EC0-301F-11D3-BF4B-00C04F79EFBC}") = "PatrocinioZoneProyectoV1", "PatrocinioZoneProyectoV1\PatrocinioZoneProyectoV1.csproj", "{EE7E8CF2-8D15-4D53-A78D-84854E814C58}"
EndProject
Global
	GlobalSection(SolutionConfigurationPlatforms) = preSolution
		Debug|Any CPU = Debug|Any CPU
		Release|Any CPU = Release|Any CPU
	EndGlobalSection
	GlobalSection(ProjectConfigurationPlatforms) = postSolution
		{EE7E8CF2-8D15-4D53-A78D-84854E814C58}.Debug|Any CPU.ActiveCfg = Debug|Any CPU
		{EE7E8CF2-8D15-4D53-A78D-84854E814C58}.Debug|Any CPU.Build.0 = Debug|Any CPU
		{EE7E8CF2-8D15-4D53-A78D-84854E814C58}.Release|Any CPU.ActiveCfg = Release|Any CPU
		{EE7E8CF2-8D15-4D53-A78D-84854E814C58}.Release|Any CPU.Build.0 = Release|Any CPU
	EndGlobalSection
	GlobalSection(SolutionProperties) = preSolution
		HideSolutionNode = FALSE
	EndGlobalSection
	GlobalSection(ExtensibilityGlobals) = postSolution
		SolutionGuid = {997E03A8-DA52-4030-93F6-0452A61A5058}
	EndGlobalSection
EndGlobal
